
Microsoft Visual Studio Solution File, Format Version 12.00
# Visual Studio 2015
Project("{FAE04EC0-301F-11D3-BF4B-00C04F79EFBC}") = "ZombieTown.CSharp.Plugins", "ZombieTown.CSharp.Plugins.csproj", "{ECC4CFE7-C273-C9CF-E8AD-D2FD91F7FA91}"
EndProject
Project("{FAE04EC0-301F-11D3-BF4B-00C04F79EFBC}") = "ZombieTown.CSharp", "ZombieTown.CSharp.csproj", "{0D82A7D9-4985-99FE-0E7D-1572F81B5CB0}"
EndProject
Project("{FAE04EC0-301F-11D3-BF4B-00C04F79EFBC}") = "ZombieTown.CSharp.Editor", "ZombieTown.CSharp.Editor.csproj", "{0B5F15A8-8109-8B69-DAF5-63C064052B62}"
EndProject
Global
	GlobalSection(SolutionConfigurationPlatforms) = preSolution
		Debug|Any CPU = Debug|Any CPU
		Release|Any CPU = Release|Any CPU
	EndGlobalSection
	GlobalSection(ProjectConfigurationPlatforms) = postSolution
		{ECC4CFE7-C273-C9CF-E8AD-D2FD91F7FA91}.Debug|Any CPU.ActiveCfg = Debug|Any CPU
		{ECC4CFE7-C273-C9CF-E8AD-D2FD91F7FA91}.Debug|Any CPU.Build.0 = Debug|Any CPU
		{ECC4CFE7-C273-C9CF-E8AD-D2FD91F7FA91}.Release|Any CPU.ActiveCfg = Release|Any CPU
		{ECC4CFE7-C273-C9CF-E8AD-D2FD91F7FA91}.Release|Any CPU.Build.0 = Release|Any CPU
		{0D82A7D9-4985-99FE-0E7D-1572F81B5CB0}.Debug|Any CPU.ActiveCfg = Debug|Any CPU
		{0D82A7D9-4985-99FE-0E7D-1572F81B5CB0}.Debug|Any CPU.Build.0 = Debug|Any CPU
		{0D82A7D9-4985-99FE-0E7D-1572F81B5CB0}.Release|Any CPU.ActiveCfg = Release|Any CPU
		{0D82A7D9-4985-99FE-0E7D-1572F81B5CB0}.Release|Any CPU.Build.0 = Release|Any CPU
		{0B5F15A8-8109-8B69-DAF5-63C064052B62}.Debug|Any CPU.ActiveCfg = Debug|Any CPU
		{0B5F15A8-8109-8B69-DAF5-63C064052B62}.Debug|Any CPU.Build.0 = Debug|Any CPU
		{0B5F15A8-8109-8B69-DAF5-63C064052B62}.Release|Any CPU.ActiveCfg = Release|Any CPU
		{0B5F15A8-8109-8B69-DAF5-63C064052B62}.Release|Any CPU.Build.0 = Release|Any CPU
	EndGlobalSection
	GlobalSection(SolutionProperties) = preSolution
		HideSolutionNode = FALSE
	EndGlobalSection
EndGlobal
